
Microsoft Visual Studio Solution File, Format Version 12.00
# Visual Studio Version 16
VisualStudioVersion = 16.0.30309.148
MinimumVisualStudioVersion = 10.0.40219.1
Project("{FAE04EC0-301F-11D3-BF4B-00C04F79EFBC}") = "PKNUWPF", "PKNUWPF.csproj", "{71CD70B4-9313-4C53-B188-D59A62214BAB}"
EndProject
Global
	GlobalSection(SolutionConfigurationPlatforms) = preSolution
		Debug|Any CPU = Debug|Any CPU
		Release|Any CPU = Release|Any CPU
	EndGlobalSection
	GlobalSection(ProjectConfigurationPlatforms) = postSolution
		{71CD70B4-9313-4C53-B188-D59A62214BAB}.Debug|Any CPU.ActiveCfg = Debug|Any CPU
		{71CD70B4-9313-4C53-B188-D59A62214BAB}.Debug|Any CPU.Build.0 = Debug|Any CPU
		{71CD70B4-9313-4C53-B188-D59A62214BAB}.Release|Any CPU.ActiveCfg = Release|Any CPU
		{71CD70B4-9313-4C53-B188-D59A62214BAB}.Release|Any CPU.Build.0 = Release|Any CPU
	EndGlobalSection
	GlobalSection(SolutionProperties) = preSolution
		HideSolutionNode = FALSE
	EndGlobalSection
	GlobalSection(ExtensibilityGlobals) = postSolution
		SolutionGuid = {46CD5F8F-52AD-4136-92B9-2D8F497D1FB6}
	EndGlobalSection
EndGlobal
